
Microsoft Visual Studio Solution File, Format Version 12.00
Project("{FAE04EC0-301F-11D3-BF4B-00C04F79EFBC}") = "ConsoleApp3", "ConsoleApp3\ConsoleApp3.csproj", "{16E6B0A5-25D6-4F43-A981-BFDC53A088E9}"
EndProject
Global
	GlobalSection(SolutionConfigurationPlatforms) = preSolution
		Debug|Any CPU = Debug|Any CPU
		Release|Any CPU = Release|Any CPU
	EndGlobalSection
	GlobalSection(ProjectConfigurationPlatforms) = postSolution
		{16E6B0A5-25D6-4F43-A981-BFDC53A088E9}.Debug|Any CPU.ActiveCfg = Debug|Any CPU
		{16E6B0A5-25D6-4F43-A981-BFDC53A088E9}.Debug|Any CPU.Build.0 = Debug|Any CPU
		{16E6B0A5-25D6-4F43-A981-BFDC53A088E9}.Release|Any CPU.ActiveCfg = Release|Any CPU
		{16E6B0A5-25D6-4F43-A981-BFDC53A088E9}.Release|Any CPU.Build.0 = Release|Any CPU
	EndGlobalSection
EndGlobal
